
Microsoft Visual Studio Solution File, Format Version 12.00
# Visual Studio Version 16
VisualStudioVersion = 16.0.32106.194
MinimumVisualStudioVersion = 10.0.40219.1
Project("{FAE04EC0-301F-11D3-BF4B-00C04F79EFBC}") = "Neljä karhua ja kissa", "Neljä karhua ja kissa.csproj", "{A46EA4D8-CC89-4FF4-AACC-D92E9CF4E314}"
EndProject
Global
	GlobalSection(SolutionConfigurationPlatforms) = preSolution
		Debug|Any CPU = Debug|Any CPU
		Release|Any CPU = Release|Any CPU
	EndGlobalSection
	GlobalSection(ProjectConfigurationPlatforms) = postSolution
		{A46EA4D8-CC89-4FF4-AACC-D92E9CF4E314}.Debug|Any CPU.ActiveCfg = Debug|Any CPU
		{A46EA4D8-CC89-4FF4-AACC-D92E9CF4E314}.Debug|Any CPU.Build.0 = Debug|Any CPU
		{A46EA4D8-CC89-4FF4-AACC-D92E9CF4E314}.Release|Any CPU.ActiveCfg = Release|Any CPU
		{A46EA4D8-CC89-4FF4-AACC-D92E9CF4E314}.Release|Any CPU.Build.0 = Release|Any CPU
	EndGlobalSection
	GlobalSection(SolutionProperties) = preSolution
		HideSolutionNode = FALSE
	EndGlobalSection
	GlobalSection(ExtensibilityGlobals) = postSolution
		SolutionGuid = {FCCE17CE-1C2C-4BAF-82BB-05DC8E7EE074}
	EndGlobalSection
EndGlobal
