
Microsoft Visual Studio Solution File, Format Version 12.00
# Visual Studio Version 16
VisualStudioVersion = 16.0.32106.194
MinimumVisualStudioVersion = 10.0.40219.1
Project("{FAE04EC0-301F-11D3-BF4B-00C04F79EFBC}") = "Lohikäärme taistelu", "Lohikäärme taistelu.csproj", "{F8FE0397-00C1-47AD-B24A-7A60CC5894A9}"
EndProject
Global
	GlobalSection(SolutionConfigurationPlatforms) = preSolution
		Debug|Any CPU = Debug|Any CPU
		Release|Any CPU = Release|Any CPU
	EndGlobalSection
	GlobalSection(ProjectConfigurationPlatforms) = postSolution
		{F8FE0397-00C1-47AD-B24A-7A60CC5894A9}.Debug|Any CPU.ActiveCfg = Debug|Any CPU
		{F8FE0397-00C1-47AD-B24A-7A60CC5894A9}.Debug|Any CPU.Build.0 = Debug|Any CPU
		{F8FE0397-00C1-47AD-B24A-7A60CC5894A9}.Release|Any CPU.ActiveCfg = Release|Any CPU
		{F8FE0397-00C1-47AD-B24A-7A60CC5894A9}.Release|Any CPU.Build.0 = Release|Any CPU
	EndGlobalSection
	GlobalSection(SolutionProperties) = preSolution
		HideSolutionNode = FALSE
	EndGlobalSection
	GlobalSection(ExtensibilityGlobals) = postSolution
		SolutionGuid = {605907B9-1810-4829-9F94-2FF409F4F0AA}
	EndGlobalSection
EndGlobal
