
Microsoft Visual Studio Solution File, Format Version 12.00
# Visual Studio Version 16
VisualStudioVersion = 16.0.32106.194
MinimumVisualStudioVersion = 10.0.40219.1
Project("{FAE04EC0-301F-11D3-BF4B-00C04F79EFBC}") = "Vartiotorni", "Vartiotorni.csproj", "{B01F39FE-70C8-4F03-B77D-FF1AFF18EFDC}"
EndProject
Global
	GlobalSection(SolutionConfigurationPlatforms) = preSolution
		Debug|Any CPU = Debug|Any CPU
		Release|Any CPU = Release|Any CPU
	EndGlobalSection
	GlobalSection(ProjectConfigurationPlatforms) = postSolution
		{B01F39FE-70C8-4F03-B77D-FF1AFF18EFDC}.Debug|Any CPU.ActiveCfg = Debug|Any CPU
		{B01F39FE-70C8-4F03-B77D-FF1AFF18EFDC}.Debug|Any CPU.Build.0 = Debug|Any CPU
		{B01F39FE-70C8-4F03-B77D-FF1AFF18EFDC}.Release|Any CPU.ActiveCfg = Release|Any CPU
		{B01F39FE-70C8-4F03-B77D-FF1AFF18EFDC}.Release|Any CPU.Build.0 = Release|Any CPU
	EndGlobalSection
	GlobalSection(SolutionProperties) = preSolution
		HideSolutionNode = FALSE
	EndGlobalSection
	GlobalSection(ExtensibilityGlobals) = postSolution
		SolutionGuid = {3654232F-CB00-45D2-895E-7B7F0E18C087}
	EndGlobalSection
EndGlobal
