
Microsoft Visual Studio Solution File, Format Version 12.00
# Visual Studio Version 16
VisualStudioVersion = 16.0.32106.194
MinimumVisualStudioVersion = 10.0.40219.1
Project("{FAE04EC0-301F-11D3-BF4B-00C04F79EFBC}") = "Arvuutuskone", "Arvuutuskone.csproj", "{80FFB162-7F70-4D59-9F2B-31E2B74BEE89}"
EndProject
Global
	GlobalSection(SolutionConfigurationPlatforms) = preSolution
		Debug|Any CPU = Debug|Any CPU
		Release|Any CPU = Release|Any CPU
	EndGlobalSection
	GlobalSection(ProjectConfigurationPlatforms) = postSolution
		{80FFB162-7F70-4D59-9F2B-31E2B74BEE89}.Debug|Any CPU.ActiveCfg = Debug|Any CPU
		{80FFB162-7F70-4D59-9F2B-31E2B74BEE89}.Debug|Any CPU.Build.0 = Debug|Any CPU
		{80FFB162-7F70-4D59-9F2B-31E2B74BEE89}.Release|Any CPU.ActiveCfg = Release|Any CPU
		{80FFB162-7F70-4D59-9F2B-31E2B74BEE89}.Release|Any CPU.Build.0 = Release|Any CPU
	EndGlobalSection
	GlobalSection(SolutionProperties) = preSolution
		HideSolutionNode = FALSE
	EndGlobalSection
	GlobalSection(ExtensibilityGlobals) = postSolution
		SolutionGuid = {405D2B44-5060-46E5-A674-BCA388220D41}
	EndGlobalSection
EndGlobal
